
Microsoft Visual Studio Solution File, Format Version 12.00
# Visual Studio Version 17
VisualStudioVersion = 17.1.32414.318
MinimumVisualStudioVersion = 10.0.40219.1
Project("{FAE04EC0-301F-11D3-BF4B-00C04F79EFBC}") = "HW_16", "HW_16.csproj", "{B0BD76BB-082A-48AE-906E-BF361685D597}"
EndProject
Global
	GlobalSection(SolutionConfigurationPlatforms) = preSolution
		Debug|Any CPU = Debug|Any CPU
		Release|Any CPU = Release|Any CPU
	EndGlobalSection
	GlobalSection(ProjectConfigurationPlatforms) = postSolution
		{B0BD76BB-082A-48AE-906E-BF361685D597}.Debug|Any CPU.ActiveCfg = Debug|Any CPU
		{B0BD76BB-082A-48AE-906E-BF361685D597}.Debug|Any CPU.Build.0 = Debug|Any CPU
		{B0BD76BB-082A-48AE-906E-BF361685D597}.Release|Any CPU.ActiveCfg = Release|Any CPU
		{B0BD76BB-082A-48AE-906E-BF361685D597}.Release|Any CPU.Build.0 = Release|Any CPU
	EndGlobalSection
	GlobalSection(SolutionProperties) = preSolution
		HideSolutionNode = FALSE
	EndGlobalSection
	GlobalSection(ExtensibilityGlobals) = postSolution
		SolutionGuid = {6DBFBBC8-951C-48B6-A2BE-4D4ADA06430D}
	EndGlobalSection
EndGlobal
